{
  "name": "obj2env-cli",
  "version": "1.0.6",
  "lockfileVersion": 1,
  "requires": true,
  "dependencies": {
    "@types/color-name": {
      "version": "1.1.1",
      "resolved": "https://registry.npmjs.org/@types/color-name/-/color-name-1.1.1.tgz",
      "integrity": "sha512-rr+OQyAjxze7GgWrSaJwydHStIhHq2lvY3BOC2Mj7KnzI7XK0Uw1TOOdI9lDoajEbSWLiYgoo4f1R51erQfhPQ=="
    },
    "add-subtract-date": {
      "version": "1.0.11",
      "resolved": "https://registry.npmjs.org/add-subtract-date/-/add-subtract-date-1.0.11.tgz",
      "integrity": "sha1-l9aY3Wt2XGXv/Uev5eY1B17hK3o="
    },
    "ansi-escapes": {
      "version": "4.3.1",
      "resolved": "https://registry.npmjs.org/ansi-escapes/-/ansi-escapes-4.3.1.tgz",
      "integrity": "sha512-JWF7ocqNrp8u9oqpgV+wH5ftbt+cfvv+PTjOvKLT3AdYly/LmORARfEVT1iyjwN+4MqE5UmVKoAdIBqeoCHgLA==",
      "requires": {
        "type-fest": "^0.11.0"
      }
    },
    "ansi-parser": {
      "version": "3.2.8",
      "resolved": "https://registry.npmjs.org/ansi-parser/-/ansi-parser-3.2.8.tgz",
      "integrity": "sha1-rYCmNRrF5YzH6Kdhq8A3tVBQQdA="
    },
    "ansi-regex": {
      "version": "5.0.0",
      "resolved": "https://registry.npmjs.org/ansi-regex/-/ansi-regex-5.0.0.tgz",
      "integrity": "sha512-bY6fj56OUQ0hU1KjFNDQuJFezqKdrAyFdIevADiqrWHwSlbmBNMHp5ak2f40Pm8JTFyM2mqxkG6ngkHO11f/lg=="
    },
    "ansi-styles": {
      "version": "3.2.0",
      "resolved": "https://registry.npmjs.org/ansi-styles/-/ansi-styles-3.2.0.tgz",
      "integrity": "sha512-NnSOmMEYtVR2JVMIGTzynRkkaxtiq1xnFBcdQD/DnNCYPoEPsVJhM98BDyaoNOQIi7p4okdi3E27eN7GQbsUug==",
      "requires": {
        "color-convert": "^1.9.0"
      }
    },
    "ansy": {
      "version": "1.0.11",
      "resolved": "https://registry.npmjs.org/ansy/-/ansy-1.0.11.tgz",
      "integrity": "sha1-IGb86gqDLaVGEQ2RrZ9Hx+zCcdQ=",
      "requires": {
        "ansi-styles": "^3.0.0",
        "custom-return": "^1.0.0",
        "supports-color": "^3.1.2",
        "ul": "^5.2.1"
      }
    },
    "arrs-to-obj": {
      "version": "1.0.12",
      "resolved": "https://registry.npmjs.org/arrs-to-obj/-/arrs-to-obj-1.0.12.tgz",
      "integrity": "sha512-348sGggQcNrSVF4J009QXjfb5XrxwTw+tjMoOLIUrfRqxmSUf9W/U9hX3XdR5St/sX2Tc994WepBfRjr2BYg1g=="
    },
    "auto-parse": {
      "version": "1.8.0",
      "resolved": "https://registry.npmjs.org/auto-parse/-/auto-parse-1.8.0.tgz",
      "integrity": "sha512-Uri4uC+K5cSi5hjM4snFrqPrjqUpwxeSW5EMTPvN7Ju3PlDzmXXDr5tjdzxPvvwgT3J7bmMDJ3Rm625nbrc72A==",
      "requires": {
        "typpy": "2.3.11"
      },
      "dependencies": {
        "typpy": {
          "version": "2.3.11",
          "resolved": "https://registry.npmjs.org/typpy/-/typpy-2.3.11.tgz",
          "integrity": "sha512-Jh/fykZSaxeKO0ceMAs6agki9T5TNA9kiIR6fzKbvafKpIw8UlNlHhzuqKyi5lfJJ5VojJOx9tooIbyy7vHV/g==",
          "requires": {
            "function.name": "^1.0.3"
          }
        }
      }
    },
    "barbe": {
      "version": "3.0.16",
      "resolved": "https://registry.npmjs.org/barbe/-/barbe-3.0.16.tgz",
      "integrity": "sha512-WSJbowJ8dUfDUSWSZzJDD2BP+xwbLdGPbZMStzgUX8UDSS2stPLvi9pwCIsU9k8RXU6x56nIJzJYSfFct3C1+Q==",
      "requires": {
        "iterate-object": "^1.3.2",
        "regex-escape": "^3.0.0",
        "typpy": "^2.3.1"
      }
    },
    "bug-killer": {
      "version": "4.4.4",
      "resolved": "https://registry.npmjs.org/bug-killer/-/bug-killer-4.4.4.tgz",
      "integrity": "sha1-luAyK5Q3orBnLXiqzR7SvvEflFo=",
      "requires": {
        "ansi-parser": "^3.2.5",
        "couleurs": "^6.0.6",
        "daty": "^1.0.7",
        "deffy": "^2.2.2",
        "typpy": "^2.3.6"
      }
    },
    "camelo": {
      "version": "1.1.13",
      "resolved": "https://registry.npmjs.org/camelo/-/camelo-1.1.13.tgz",
      "integrity": "sha512-vl5qBmJU4NDmYYJNp9BOxR9RWRg4H4V/ABu6PyrgqK0euXhIDcT4L76zHoz7Fl/gaDCjAuM0krd2lBm+yjWDDw==",
      "requires": {
        "regex-escape": "^3.3.0",
        "uc-first-array": "^1.0.0"
      }
    },
    "chalk": {
      "version": "4.1.0",
      "resolved": "https://registry.npmjs.org/chalk/-/chalk-4.1.0.tgz",
      "integrity": "sha512-qwx12AxXe2Q5xQ43Ac//I6v5aXTipYrSESdOgzrN+9XjgEpyjpKuvSGaN4qE93f7TQTlerQQ8S+EQ0EyDoVL1A==",
      "requires": {
        "ansi-styles": "^4.1.0",
        "supports-color": "^7.1.0"
      },
      "dependencies": {
        "ansi-styles": {
          "version": "4.2.1",
          "resolved": "https://registry.npmjs.org/ansi-styles/-/ansi-styles-4.2.1.tgz",
          "integrity": "sha512-9VGjrMsG1vePxcSweQsN20KY/c4zN0h9fLjqAbwbPfahM3t+NL+M9HC8xeXG2I8pX5NoamTGNuomEUFI7fcUjA==",
          "requires": {
            "@types/color-name": "^1.1.1",
            "color-convert": "^2.0.1"
          }
        },
        "color-convert": {
          "version": "2.0.1",
          "resolved": "https://registry.npmjs.org/color-convert/-/color-convert-2.0.1.tgz",
          "integrity": "sha512-RRECPsj7iu/xb5oKYcsFHSppFNnsj/52OVTRKb4zP5onXwVF3zVmmToNcOfGC+CRDpfK/U584fMg38ZHCaElKQ==",
          "requires": {
            "color-name": "~1.1.4"
          }
        },
        "color-name": {
          "version": "1.1.4",
          "resolved": "https://registry.npmjs.org/color-name/-/color-name-1.1.4.tgz",
          "integrity": "sha512-dOy+3AuW3a2wNbZHIuMZpTcgjGuLU/uBL/ubcZF9OXbDo8ff4O8yVp5Bf0efS8uEoYo5q4Fx7dY9OgQGXgAsQA=="
        },
        "has-flag": {
          "version": "4.0.0",
          "resolved": "https://registry.npmjs.org/has-flag/-/has-flag-4.0.0.tgz",
          "integrity": "sha512-EykJT/Q1KjTWctppgIAgfSO0tKVuZUjhgMr17kqTumMl6Afv3EISleU7qZUzoXDFTAHTDC4NOoG/ZxU3EvlMPQ=="
        },
        "supports-color": {
          "version": "7.1.0",
          "resolved": "https://registry.npmjs.org/supports-color/-/supports-color-7.1.0.tgz",
          "integrity": "sha512-oRSIpR8pxT1Wr2FquTNnGet79b3BWljqOuoW/h4oBhxJ/HUbX5nX6JSruTkvXDCFMwDPvsaTTbvMLKZWSy0R5g==",
          "requires": {
            "has-flag": "^4.0.0"
          }
        }
      }
    },
    "chardet": {
      "version": "0.7.0",
      "resolved": "https://registry.npmjs.org/chardet/-/chardet-0.7.0.tgz",
      "integrity": "sha512-mT8iDcrh03qDGRRmoA2hmBJnxpllMR+0/0qlzjqZES6NdiWDcZkCNAk4rPFZ9Q85r27unkiNNg8ZOiwZXBHwcA=="
    },
    "class-methods": {
      "version": "1.0.8",
      "resolved": "https://registry.npmjs.org/class-methods/-/class-methods-1.0.8.tgz",
      "integrity": "sha1-86ku5JVfakwrAsUOjEEqLLKlkHs=",
      "requires": {
        "exclude-arr": "^1.0.0",
        "static-methods": "^1.0.0",
        "ul": "^5.2.1"
      }
    },
    "cli-box": {
      "version": "6.0.10",
      "resolved": "https://registry.npmjs.org/cli-box/-/cli-box-6.0.10.tgz",
      "integrity": "sha512-6jjSF6G1gOXaCyBQJKo3L3lZKxP8jzdECG7FBiA4m2w7K8jBxXXwsMb75fBLwoVwOtKwvgKjLJurw8HU5XNciw==",
      "requires": {
        "ansi-parser": "^3.2.1",
        "deffy": "^2.2.1",
        "is-undefined": "^1.0.0",
        "is-win": "^1.0.0",
        "ul": "^5.2.1"
      }
    },
    "cli-cursor": {
      "version": "3.1.0",
      "resolved": "https://registry.npmjs.org/cli-cursor/-/cli-cursor-3.1.0.tgz",
      "integrity": "sha512-I/zHAwsKf9FqGoXM4WWRACob9+SNukZTd94DWF57E4toouRulbCxcUh6RKUEOQlYTHJnzkPMySvPNaaSLNfLZw==",
      "requires": {
        "restore-cursor": "^3.1.0"
      }
    },
    "cli-width": {
      "version": "3.0.0",
      "resolved": "https://registry.npmjs.org/cli-width/-/cli-width-3.0.0.tgz",
      "integrity": "sha512-FxqpkPPwu1HjuN93Omfm4h8uIanXofW0RxVEW3k5RKx+mJJYSthzNhp32Kzxxy3YAEZ/Dc/EWN1vZRY0+kOhbw=="
    },
    "clp": {
      "version": "4.0.12",
      "resolved": "https://registry.npmjs.org/clp/-/clp-4.0.12.tgz",
      "integrity": "sha512-DOQX14xsm4mM06JVzB/5nTk+tBdst+mFffz1OK4TWPa6++M/J7TJWuciXVwCRxTFzY2f+FRQARUu8+uqgQBpUQ==",
      "requires": {
        "is-number": "^2.1.0",
        "last-char": "^1.3.1",
        "match-it": "^1.0.0"
      }
    },
    "color-convert": {
      "version": "1.9.1",
      "resolved": "https://registry.npmjs.org/color-convert/-/color-convert-1.9.1.tgz",
      "integrity": "sha512-mjGanIiwQJskCC18rPR6OmrZ6fm2Lc7PeGFYwCmy5J34wC6F1PzdGL6xeMfmgicfYcNLGuVFA3WzXtIDCQSZxQ==",
      "requires": {
        "color-name": "^1.1.1"
      }
    },
    "color-name": {
      "version": "1.1.3",
      "resolved": "https://registry.npmjs.org/color-name/-/color-name-1.1.3.tgz",
      "integrity": "sha1-p9BVi9icQveV3UIyj3QIMcpTvCU="
    },
    "couleurs": {
      "version": "6.0.9",
      "resolved": "https://registry.npmjs.org/couleurs/-/couleurs-6.0.9.tgz",
      "integrity": "sha1-srKj7jfa5Rh1ye/SQ+x+eJSvvJ4=",
      "requires": {
        "ansy": "^1.0.0",
        "color-convert": "^1.0.0",
        "iterate-object": "^1.3.1",
        "typpy": "^2.3.1"
      }
    },
    "custom-return": {
      "version": "1.0.8",
      "resolved": "https://registry.npmjs.org/custom-return/-/custom-return-1.0.8.tgz",
      "integrity": "sha1-6Rzoi0aItls//usf2WE7kjhDe+I=",
      "requires": {
        "noop6": "^1.0.0"
      }
    },
    "date-unit-ms": {
      "version": "1.1.10",
      "resolved": "https://registry.npmjs.org/date-unit-ms/-/date-unit-ms-1.1.10.tgz",
      "integrity": "sha1-RslbySXeyZ1g16IUTWq/St4HUcA="
    },
    "daty": {
      "version": "1.1.2",
      "resolved": "https://registry.npmjs.org/daty/-/daty-1.1.2.tgz",
      "integrity": "sha1-zTvnp6BhgfXfEFNWlAuUgcYhnGU=",
      "requires": {
        "add-subtract-date": "^1.0.0",
        "class-methods": "^1.0.4",
        "date-unit-ms": "^1.1.0",
        "diff-dates": "^1.0.0",
        "formatoid": "^1.0.0"
      }
    },
    "days": {
      "version": "1.1.1",
      "resolved": "https://registry.npmjs.org/days/-/days-1.1.1.tgz",
      "integrity": "sha512-vzeIwVsEIyA35GH4+mPd4hjVDNI87wYANyZFs0BHjBr5kIBH5zEl7LfD6Wr4SFZca4D3CU9IH1w4DuZLlXzKRw=="
    },
    "debug-mode": {
      "version": "2.0.2",
      "resolved": "https://registry.npmjs.org/debug-mode/-/debug-mode-2.0.2.tgz",
      "integrity": "sha512-uOGKcpU0ZSADgNKzyoZ3I3Sj5xAgGGOavQKhH60sTrW4+EtOa2MDrcop+XUdRmLqI4p0rjSrqPcQbwlBtLLhRw=="
    },
    "deffy": {
      "version": "2.2.2",
      "resolved": "https://registry.npmjs.org/deffy/-/deffy-2.2.2.tgz",
      "integrity": "sha1-CI9AkTy0cHhlP6b2l8IG4DRx1SM=",
      "requires": {
        "typpy": "^2.0.0"
      }
    },
    "diff-dates": {
      "version": "1.0.9",
      "resolved": "https://registry.npmjs.org/diff-dates/-/diff-dates-1.0.9.tgz",
      "integrity": "sha1-E+zph1iOv8LkhZdTfk5SKOKdc3s=",
      "requires": {
        "date-unit-ms": "^1.1.0"
      }
    },
    "emoji-regex": {
      "version": "8.0.0",
      "resolved": "https://registry.npmjs.org/emoji-regex/-/emoji-regex-8.0.0.tgz",
      "integrity": "sha512-MSjYzcWNOA0ewAHpz0MxpYFvwg6yjy1NG3xteoqz644VCo/RPgnr1/GGt+ic3iJTzQ8Eu3TdM14SawnVUmGE6A=="
    },
    "err": {
      "version": "2.1.12",
      "resolved": "https://registry.npmjs.org/err/-/err-2.1.12.tgz",
      "integrity": "sha512-C0XHNJOnH072AC8q0L5oclAZvBCD8nzBb24bcHSqEkurDHyRo6bpOztgddHtH4Ik/9evmBCVW0nEY0NdnSt46Q==",
      "requires": {
        "barbe": "^3.0.4",
        "iterate-object": "^1.3.1",
        "typpy": "^2.2.0"
      }
    },
    "escape-string-regexp": {
      "version": "1.0.5",
      "resolved": "https://registry.npmjs.org/escape-string-regexp/-/escape-string-regexp-1.0.5.tgz",
      "integrity": "sha1-G2HAViGQqN/2rjuyzwIAyhMLhtQ="
    },
    "exclude-arr": {
      "version": "1.0.7",
      "resolved": "https://registry.npmjs.org/exclude-arr/-/exclude-arr-1.0.7.tgz",
      "integrity": "sha1-0OkldekOuc191xxgEmdvMzk/Hc4="
    },
    "external-editor": {
      "version": "3.1.0",
      "resolved": "https://registry.npmjs.org/external-editor/-/external-editor-3.1.0.tgz",
      "integrity": "sha512-hMQ4CX1p1izmuLYyZqLMO/qGNw10wSv9QDCPfzXfyFrOaCSSoRfqE1Kf1s5an66J5JZC62NewG+mK49jOCtQew==",
      "requires": {
        "chardet": "^0.7.0",
        "iconv-lite": "^0.4.24",
        "tmp": "^0.0.33"
      }
    },
    "figures": {
      "version": "3.2.0",
      "resolved": "https://registry.npmjs.org/figures/-/figures-3.2.0.tgz",
      "integrity": "sha512-yaduQFRKLXYOGgEn6AZau90j3ggSOyiqXU0F9JZfeXYhNa+Jk4X+s45A2zg5jns87GAFa34BBm2kXw4XpNcbdg==",
      "requires": {
        "escape-string-regexp": "^1.0.5"
      }
    },
    "fillo": {
      "version": "1.0.9",
      "resolved": "https://registry.npmjs.org/fillo/-/fillo-1.0.9.tgz",
      "integrity": "sha1-DaOX9xGfca8OR3FuBnpbdkmOXKg="
    },
    "flat-colors": {
      "version": "3.0.0",
      "resolved": "https://registry.npmjs.org/flat-colors/-/flat-colors-3.0.0.tgz",
      "integrity": "sha1-JTqxojmJwyHxOwrNS/c//0By7Lc="
    },
    "formatoid": {
      "version": "1.2.1",
      "resolved": "https://registry.npmjs.org/formatoid/-/formatoid-1.2.1.tgz",
      "integrity": "sha1-ydUfIOfiX7+ZhH6th9uHnRdPy9o=",
      "requires": {
        "days": "^1.0.1",
        "fillo": "^1.0.0",
        "months": "^1.0.0",
        "parse-it": "^1.0.0"
      }
    },
    "function.name": {
      "version": "1.0.9",
      "resolved": "https://registry.npmjs.org/function.name/-/function.name-1.0.9.tgz",
      "integrity": "sha1-kcRcj5HyACvGgIbGc4crYH3Yc8M=",
      "requires": {
        "noop6": "^1.0.1"
      }
    },
    "has-flag": {
      "version": "1.0.0",
      "resolved": "https://registry.npmjs.org/has-flag/-/has-flag-1.0.0.tgz",
      "integrity": "sha1-nZ55MWXOAXoA8AQYxD+UKnsdEfo="
    },
    "iconv-lite": {
      "version": "0.4.24",
      "resolved": "https://registry.npmjs.org/iconv-lite/-/iconv-lite-0.4.24.tgz",
      "integrity": "sha512-v3MXnZAcvnywkTUEZomIActle7RXXeedOR31wwl7VlyoXO4Qi9arvSenNQWne1TcRwhCL1HwLI21bEqdpj8/rA==",
      "requires": {
        "safer-buffer": ">= 2.1.2 < 3"
      }
    },
    "indento": {
      "version": "1.1.13",
      "resolved": "https://registry.npmjs.org/indento/-/indento-1.1.13.tgz",
      "integrity": "sha512-YZWk3mreBEM7sBPddsiQnW9Z8SGg/gNpFfscJq00HCDS7pxcQWWWMSVKJU7YkTRyDu1Zv2s8zaK8gQWKmCXHlg=="
    },
    "inquirer": {
      "version": "7.3.3",
      "resolved": "https://registry.npmjs.org/inquirer/-/inquirer-7.3.3.tgz",
      "integrity": "sha512-JG3eIAj5V9CwcGvuOmoo6LB9kbAYT8HXffUl6memuszlwDC/qvFAJw49XJ5NROSFNPxp3iQg1GqkFhaY/CR0IA==",
      "requires": {
        "ansi-escapes": "^4.2.1",
        "chalk": "^4.1.0",
        "cli-cursor": "^3.1.0",
        "cli-width": "^3.0.0",
        "external-editor": "^3.0.3",
        "figures": "^3.0.0",
        "lodash": "^4.17.19",
        "mute-stream": "0.0.8",
        "run-async": "^2.4.0",
        "rxjs": "^6.6.0",
        "string-width": "^4.1.0",
        "strip-ansi": "^6.0.0",
        "through": "^2.3.6"
      }
    },
    "is-buffer": {
      "version": "1.1.6",
      "resolved": "https://registry.npmjs.org/is-buffer/-/is-buffer-1.1.6.tgz",
      "integrity": "sha512-NcdALwpXkTm5Zvvbk7owOUSvVvBKDgKP5/ewfXEznmQFfs4ZRmanOeKBTjRVjka3QFoN6XJ+9F3USqfHqTaU5w=="
    },
    "is-empty-obj": {
      "version": "1.0.12",
      "resolved": "https://registry.npmjs.org/is-empty-obj/-/is-empty-obj-1.0.12.tgz",
      "integrity": "sha512-qHBAsU2hONx/K5o0VwTLRVfHb/cAsJY8+cYLLQBupCdKu0v5bxT83K9Dr997Go7gIoc4J6J0pD5qIIIvBFQZBQ=="
    },
    "is-fullwidth-code-point": {
      "version": "3.0.0",
      "resolved": "https://registry.npmjs.org/is-fullwidth-code-point/-/is-fullwidth-code-point-3.0.0.tgz",
      "integrity": "sha512-zymm5+u+sCsSWyD9qNaejV3DFvhCKclKdizYaJUuHA83RLjb7nSuGnddCHGv0hk+KY7BMAlsWeK4Ueg6EV6XQg=="
    },
    "is-number": {
      "version": "2.1.0",
      "resolved": "https://registry.npmjs.org/is-number/-/is-number-2.1.0.tgz",
      "integrity": "sha1-Afy7s5NGOlSPL0ZszhbezknbkI8=",
      "requires": {
        "kind-of": "^3.0.2"
      }
    },
    "is-there": {
      "version": "4.5.1",
      "resolved": "https://registry.npmjs.org/is-there/-/is-there-4.5.1.tgz",
      "integrity": "sha512-vIZ7HTXAoRoIwYSsTnxb0sg9L6rth+JOulNcavsbskQkCIWoSM2cjFOWZs4wGziGZER+Xgs/HXiCQZgiL8ppxQ=="
    },
    "is-undefined": {
      "version": "1.0.11",
      "resolved": "https://registry.npmjs.org/is-undefined/-/is-undefined-1.0.11.tgz",
      "integrity": "sha512-gRwyH8IRpV73MDlVefPllIjxBjrP9YAB0YCLtxnROhRkedTSzzBJgfxTC6HgP2/dttawQHWNZe88MvXS9Hbn/g=="
    },
    "is-win": {
      "version": "1.0.10",
      "resolved": "https://registry.npmjs.org/is-win/-/is-win-1.0.10.tgz",
      "integrity": "sha512-tJ9PPj5RW2RUaZ2lAIVRqQjMSynA44Ln89h+Ue+pOecoWIv6dLHvN6dtLxeCi/h5epPJPSVyuaNObLAMq62OEA=="
    },
    "iterate-object": {
      "version": "1.3.2",
      "resolved": "https://registry.npmjs.org/iterate-object/-/iterate-object-1.3.2.tgz",
      "integrity": "sha1-JOwVr/pdADnog5aVohwsrh9Ftms="
    },
    "kind-of": {
      "version": "3.2.2",
      "resolved": "https://registry.npmjs.org/kind-of/-/kind-of-3.2.2.tgz",
      "integrity": "sha1-MeohpzS6ubuw8yRm2JOupR5KPGQ=",
      "requires": {
        "is-buffer": "^1.1.5"
      }
    },
    "last-char": {
      "version": "1.3.11",
      "resolved": "https://registry.npmjs.org/last-char/-/last-char-1.3.11.tgz",
      "integrity": "sha512-Thgr0MN085/Eo1UulZKOJy+HMoXSbw9CZ2iPqVxr6nFoIAUo6pkVc25wEU0A8cAz22wv2ZEPrlxhnguBmQ0CPA=="
    },
    "le-table": {
      "version": "6.1.10",
      "resolved": "https://registry.npmjs.org/le-table/-/le-table-6.1.10.tgz",
      "integrity": "sha512-ZpNb2ekquwQdsZUA/xwY6b/RzPpMbHdlOLnO7mimHuKOiNBSpRI+TXRIrBtUgS9t7crYKRrrJz6/7TVFen/ahg==",
      "requires": {
        "ansi-parser": "^3.2.1",
        "cli-box": "^6.0.0",
        "overlap": "^2.2.1",
        "ul": "^5.2.1"
      }
    },
    "lodash": {
      "version": "4.17.21",
      "resolved": "https://registry.npmjs.org/lodash/-/lodash-4.17.21.tgz",
      "integrity": "sha512-v2kDEe57lecTulaDIuNTPy3Ry4gLGJ6Z1O3vE1krgXZNrsQ+LFTGHVxVjcXPs17LhbZVGedAJv8XZ1tvj5FvSg=="
    },
    "match-it": {
      "version": "1.0.9",
      "resolved": "https://registry.npmjs.org/match-it/-/match-it-1.0.9.tgz",
      "integrity": "sha512-l5qvhHYTFi86C+xBfxt/u0VaxVP6zP+E9RfGsxOK9no3fGNioCnntKvq400iys3tWTJd5JoR42DNpt8tEgrx7A=="
    },
    "mimic-fn": {
      "version": "2.1.0",
      "resolved": "https://registry.npmjs.org/mimic-fn/-/mimic-fn-2.1.0.tgz",
      "integrity": "sha512-OqbOk5oEQeAZ8WXWydlu9HJjz9WVdEIvamMCcXmuqUYjTknH/sqsWvhQ3vgwKFRR1HpjvNBKQ37nbJgYzGqGcg=="
    },
    "minimist": {
      "version": "1.2.8",
      "resolved": "https://registry.npmjs.org/minimist/-/minimist-1.2.8.tgz",
      "integrity": "sha512-2yyAR8qBkN3YuheJanUpWC5U3bb5osDywNB8RzDVlDwDHbocAJveqqj1u8+SVD7jkWT4yvsHCpWqqWqAxb0zCA=="
    },
    "mkdirp": {
      "version": "0.5.5",
      "resolved": "https://registry.npmjs.org/mkdirp/-/mkdirp-0.5.5.tgz",
      "integrity": "sha512-NKmAlESf6jMGym1++R0Ra7wvhV+wFW63FaSOFPwRahvea0gMUcGUhVeAg/0BC0wiv9ih5NYPB1Wn1UEI1/L+xQ==",
      "requires": {
        "minimist": "^1.2.5"
      }
    },
    "months": {
      "version": "1.2.0",
      "resolved": "https://registry.npmjs.org/months/-/months-1.2.0.tgz",
      "integrity": "sha512-zFM7hUpziSYGk2DNObYGWgHdRRxAOgjl8CC1Rbl50p/q0rGDsREfk0nbxxmSIquVi/lEAuUY8nwbwkZ8biNCOQ=="
    },
    "mute-stream": {
      "version": "0.0.8",
      "resolved": "https://registry.npmjs.org/mute-stream/-/mute-stream-0.0.8.tgz",
      "integrity": "sha512-nnbWWOkoWyUsTjKrhgD0dcz22mdkSnpYqbEjIm2nhwhuxlSkpywJmBo8h0ZqJdkp73mb90SssHkN4rsRaBAfAA=="
    },
    "noop6": {
      "version": "1.0.7",
      "resolved": "https://registry.npmjs.org/noop6/-/noop6-1.0.7.tgz",
      "integrity": "sha1-lnZ78gWLpZyoy5FVk0fdyAI5+o4="
    },
    "obj2env": {
      "version": "1.0.4",
      "resolved": "https://registry.npmjs.org/obj2env/-/obj2env-1.0.4.tgz",
      "integrity": "sha512-x8T7ldNc2MYsmMWfU5mC3brg39l+1/ydHuc6po+5cfrVx11weNEeUyxVuRf99JvslQwoHtTn/v255on5kBWKCA==",
      "requires": {
        "streamp": "^2.2.8",
        "typpy": "^2.3.8"
      }
    },
    "onetime": {
      "version": "5.1.2",
      "resolved": "https://registry.npmjs.org/onetime/-/onetime-5.1.2.tgz",
      "integrity": "sha512-kbpaSSGJTWdAY5KPVeMOKXSrPtr8C8C7wodJbcsd51jRnmD+GZu8Y0VoU6Dm5Z4vWr0Ig/1NKuWRKf7j5aaYSg==",
      "requires": {
        "mimic-fn": "^2.1.0"
      }
    },
    "os-tmpdir": {
      "version": "1.0.2",
      "resolved": "https://registry.npmjs.org/os-tmpdir/-/os-tmpdir-1.0.2.tgz",
      "integrity": "sha1-u+Z0BseaqFxc/sdm/lc0VV36EnQ="
    },
    "overlap": {
      "version": "2.2.10",
      "resolved": "https://registry.npmjs.org/overlap/-/overlap-2.2.10.tgz",
      "integrity": "sha512-LtHwP1Xny/vEmLo+5sHFYUu9xbOIlOwmy6wsMWPojsYtjDLgjtfLbWV6HTwgEx6FKryK7gPW9S2EmUDI9wjBQQ==",
      "requires": {
        "ansi-parser": "3.0.0",
        "cli-box": "5.0.0",
        "couleurs": "5.0.0"
      },
      "dependencies": {
        "ansi-parser": {
          "version": "3.0.0",
          "resolved": "https://registry.npmjs.org/ansi-parser/-/ansi-parser-3.0.0.tgz",
          "integrity": "sha1-lFwOcjLK9WdSFzdbPriJIAjBRik="
        },
        "cli-box": {
          "version": "5.0.0",
          "resolved": "https://registry.npmjs.org/cli-box/-/cli-box-5.0.0.tgz",
          "integrity": "sha1-hw6oqnfnwlF5QWzsz+XtBpCARgI=",
          "requires": {
            "ansi-parser": "3.0.0",
            "ul": "5.0.0"
          }
        },
        "couleurs": {
          "version": "5.0.0",
          "resolved": "https://registry.npmjs.org/couleurs/-/couleurs-5.0.0.tgz",
          "integrity": "sha1-HNOs5cyhvsAEFXiydGSyZ2OH9ts=",
          "requires": {
            "flat-colors": "3.0.0",
            "typpy": "2.0.0",
            "x256": "0.0.2"
          }
        },
        "deffy": {
          "version": "2.0.0",
          "resolved": "https://registry.npmjs.org/deffy/-/deffy-2.0.0.tgz",
          "integrity": "sha1-+C4I7qUYxKCjCx8D7FBNJIryiTI=",
          "requires": {
            "typpy": "^2.0.0"
          }
        },
        "typpy": {
          "version": "2.0.0",
          "resolved": "https://registry.npmjs.org/typpy/-/typpy-2.0.0.tgz",
          "integrity": "sha1-re87rMEv9Hr/kg+rA6j/MnnXN9Y="
        },
        "ul": {
          "version": "5.0.0",
          "resolved": "https://registry.npmjs.org/ul/-/ul-5.0.0.tgz",
          "integrity": "sha1-yoDXkwJfP9Xcm/g0aYGNMQp8mmI=",
          "requires": {
            "deffy": "2.0.0",
            "typpy": "2.0.0"
          }
        }
      }
    },
    "parse-it": {
      "version": "1.0.8",
      "resolved": "https://registry.npmjs.org/parse-it/-/parse-it-1.0.8.tgz",
      "integrity": "sha1-6aU73hjIBJ57tBW3PhbTKS346uc=",
      "requires": {
        "regex-escape": "^3.4.0"
      }
    },
    "prompt-sync": {
      "version": "4.2.0",
      "resolved": "https://registry.npmjs.org/prompt-sync/-/prompt-sync-4.2.0.tgz",
      "integrity": "sha512-BuEzzc5zptP5LsgV5MZETjDaKSWfchl5U9Luiu8SKp7iZWD5tZalOxvNcZRwv+d2phNFr8xlbxmFNcRKfJOzJw==",
      "requires": {
        "strip-ansi": "^5.0.0"
      },
      "dependencies": {
        "ansi-regex": {
          "version": "4.1.0",
          "resolved": "https://registry.npmjs.org/ansi-regex/-/ansi-regex-4.1.0.tgz",
          "integrity": "sha512-1apePfXM1UOSqw0o9IiFAovVz9M5S1Dg+4TrDwfMewQ6p/rmMueb7tWZjQ1rx4Loy1ArBggoqGpfqqdI4rondg=="
        },
        "strip-ansi": {
          "version": "5.2.0",
          "resolved": "https://registry.npmjs.org/strip-ansi/-/strip-ansi-5.2.0.tgz",
          "integrity": "sha512-DuRs1gKbBqsMKIZlrffwlug8MHkcnpjs5VPmL1PAh+mA30U0DTotfDZ0d2UUsXpPmPmMMJ6W773MaA3J+lbiWA==",
          "requires": {
            "ansi-regex": "^4.1.0"
          }
        }
      }
    },
    "promptify": {
      "version": "2.0.1",
      "resolved": "https://registry.npmjs.org/promptify/-/promptify-2.0.1.tgz",
      "integrity": "sha512-+RHLo1+rfntA2Y76tiMo2uGTvS2afybMawR4PuJo24SUAqJCAMdaxDuo2uMsDNFJod09bVXYTAjpi+I+mGzoyA==",
      "requires": {
        "is-win": "^1.0.4",
        "ul": "^5.2.9"
      }
    },
    "r-json": {
      "version": "1.2.10",
      "resolved": "https://registry.npmjs.org/r-json/-/r-json-1.2.10.tgz",
      "integrity": "sha512-hu9vyLjSlHXT62NAS7DjI9WazDlvjN0lgp3n431dCVnirVcLkZIpzSwA3orhZEKzdDD2jqNYI+w0yG0aFf4kpA=="
    },
    "regex-escape": {
      "version": "3.4.7",
      "resolved": "https://registry.npmjs.org/regex-escape/-/regex-escape-3.4.7.tgz",
      "integrity": "sha1-brLq6PBA1EkWzCCCC9y9QUmNlK0="
    },
    "remove-blank-lines": {
      "version": "1.4.1",
      "resolved": "https://registry.npmjs.org/remove-blank-lines/-/remove-blank-lines-1.4.1.tgz",
      "integrity": "sha512-NEs3uvzpaZscL9qFGIHMO7iFy45/nRQC0bBeIMys8UDJT5CX/OcgDeRpcmwXGcr9Ez+IYZka7w0xhA9pEs7Cag=="
    },
    "restore-cursor": {
      "version": "3.1.0",
      "resolved": "https://registry.npmjs.org/restore-cursor/-/restore-cursor-3.1.0.tgz",
      "integrity": "sha512-l+sSefzHpj5qimhFSE5a8nufZYAM3sBSVMAPtYkmC+4EH2anSGaEMXSD0izRQbu9nfyQ9y5JrVmp7E8oZrUjvA==",
      "requires": {
        "onetime": "^5.1.0",
        "signal-exit": "^3.0.2"
      }
    },
    "run-async": {
      "version": "2.4.1",
      "resolved": "https://registry.npmjs.org/run-async/-/run-async-2.4.1.tgz",
      "integrity": "sha512-tvVnVv01b8c1RrA6Ep7JkStj85Guv/YrMcwqYQnwjsAS2cTmmPGBBjAjpCW7RrSodNSoE2/qg9O4bceNvUuDgQ=="
    },
    "rxjs": {
      "version": "6.6.2",
      "resolved": "https://registry.npmjs.org/rxjs/-/rxjs-6.6.2.tgz",
      "integrity": "sha512-BHdBMVoWC2sL26w//BCu3YzKT4s2jip/WhwsGEDmeKYBhKDZeYezVUnHatYB7L85v5xs0BAQmg6BEYJEKxBabg==",
      "requires": {
        "tslib": "^1.9.0"
      }
    },
    "safer-buffer": {
      "version": "2.1.2",
      "resolved": "https://registry.npmjs.org/safer-buffer/-/safer-buffer-2.1.2.tgz",
      "integrity": "sha512-YZo3K82SD7Riyi0E1EQPojLz7kpepnSQI9IyPbHHg1XXXevb5dJI7tpyN2ADxGcQbHG7vcyRHk0cbwqcQriUtg=="
    },
    "signal-exit": {
      "version": "3.0.3",
      "resolved": "https://registry.npmjs.org/signal-exit/-/signal-exit-3.0.3.tgz",
      "integrity": "sha512-VUJ49FC8U1OxwZLxIbTTrDvLnf/6TDgxZcK8wxR8zs13xpx7xbG60ndBlhNrFi2EMuFRoeDoJO7wthSLq42EjA=="
    },
    "static-methods": {
      "version": "1.0.9",
      "resolved": "https://registry.npmjs.org/static-methods/-/static-methods-1.0.9.tgz",
      "integrity": "sha1-R0gcxeF9nZHEwv2y0Utxgf2nT0Y="
    },
    "streamp": {
      "version": "2.2.9",
      "resolved": "https://registry.npmjs.org/streamp/-/streamp-2.2.9.tgz",
      "integrity": "sha512-O9sQ0Xhca952frhlM84JEGc9a3IuBFcpsv/PemwBAzSo9Lpq9GpYUwOHVZrmda/tklqqV5hEqKp9XmN3wWpIIw==",
      "requires": {
        "mkdirp": "^0.5.0",
        "ul": "^5.0.0"
      }
    },
    "string-width": {
      "version": "4.2.0",
      "resolved": "https://registry.npmjs.org/string-width/-/string-width-4.2.0.tgz",
      "integrity": "sha512-zUz5JD+tgqtuDjMhwIg5uFVV3dtqZ9yQJlZVfq4I01/K5Paj5UHj7VyrQOJvzawSVlKpObApbfD0Ed6yJc+1eg==",
      "requires": {
        "emoji-regex": "^8.0.0",
        "is-fullwidth-code-point": "^3.0.0",
        "strip-ansi": "^6.0.0"
      }
    },
    "strip-ansi": {
      "version": "6.0.0",
      "resolved": "https://registry.npmjs.org/strip-ansi/-/strip-ansi-6.0.0.tgz",
      "integrity": "sha512-AuvKTrTfQNYNIctbR1K/YGTR1756GycPsg7b9bdV9Duqur4gv6aKqHXah67Z8ImS7WEz5QVcOtlfW2rZEugt6w==",
      "requires": {
        "ansi-regex": "^5.0.0"
      }
    },
    "supports-color": {
      "version": "3.2.3",
      "resolved": "https://registry.npmjs.org/supports-color/-/supports-color-3.2.3.tgz",
      "integrity": "sha1-ZawFBLOVQXHYpklGsq48u4pfVPY=",
      "requires": {
        "has-flag": "^1.0.0"
      }
    },
    "through": {
      "version": "2.3.8",
      "resolved": "https://registry.npmjs.org/through/-/through-2.3.8.tgz",
      "integrity": "sha1-DdTJ/6q8NXlgsbckEV1+Doai4fU="
    },
    "tilda": {
      "version": "4.4.16",
      "resolved": "https://registry.npmjs.org/tilda/-/tilda-4.4.16.tgz",
      "integrity": "sha512-5zDX3G4rQKPW/xug3odKzTPbeEq5jJW94PufTHWbObvXMo+e/ReMMX8eykUjYUIA+WSWl2tDb+30Kc1IS0VZLA==",
      "requires": {
        "ansi-parser": "^3.2.1",
        "arrs-to-obj": "^1.0.0",
        "auto-parse": "^1.2.0",
        "camelo": "^1.1.2",
        "clp": "^4.0.0",
        "debug-mode": "^2.0.0",
        "deffy": "^2.2.1",
        "err": "^2.1.0",
        "indento": "^1.1.1",
        "is-empty-obj": "^1.0.1",
        "is-undefined": "^1.0.0",
        "iterate-object": "^1.3.2",
        "le-table": "^6.1.0",
        "prompt-sync": "^4.1.4",
        "promptify": "^2.0.0",
        "r-json": "^1.2.1",
        "remove-blank-lines": "^1.0.1",
        "typpy": "^2.3.1",
        "ul": "^5.2.1",
        "wrap-text": "^1.0.0"
      }
    },
    "tmp": {
      "version": "0.0.33",
      "resolved": "https://registry.npmjs.org/tmp/-/tmp-0.0.33.tgz",
      "integrity": "sha512-jRCJlojKnZ3addtTOjdIqoRuPEKBvNXcGYqzO6zWZX8KfKEpnGY5jfggJQ3EjKuu8D4bJRr0y+cYJFmYbImXGw==",
      "requires": {
        "os-tmpdir": "~1.0.2"
      }
    },
    "tslib": {
      "version": "1.13.0",
      "resolved": "https://registry.npmjs.org/tslib/-/tslib-1.13.0.tgz",
      "integrity": "sha512-i/6DQjL8Xf3be4K/E6Wgpekn5Qasl1usyw++dAA35Ue5orEn65VIxOA+YvNNl9HV3qv70T7CNwjODHZrLwvd1Q=="
    },
    "type-fest": {
      "version": "0.11.0",
      "resolved": "https://registry.npmjs.org/type-fest/-/type-fest-0.11.0.tgz",
      "integrity": "sha512-OdjXJxnCN1AvyLSzeKIgXTXxV+99ZuXl3Hpo9XpJAv9MBcHrrJOQ5kV7ypXOuQie+AmWG25hLbiKdwYTifzcfQ=="
    },
    "typpy": {
      "version": "2.3.9",
      "resolved": "https://registry.npmjs.org/typpy/-/typpy-2.3.9.tgz",
      "integrity": "sha1-KGZP2l6nHdcYck+J0ABgrx8Jw44=",
      "requires": {
        "function.name": "^1.0.3"
      }
    },
    "uc-first-array": {
      "version": "1.1.10",
      "resolved": "https://registry.npmjs.org/uc-first-array/-/uc-first-array-1.1.10.tgz",
      "integrity": "sha512-tX2PJLrqtexTxVN9hTTY+K5gPnF2gyj7SfjPF4Q2Xhbi1fSNiO12I/G+AoMzxJLwr9R50CmVn8iAhWCvZlJm3A==",
      "requires": {
        "ucfirst": "^1.0.0"
      }
    },
    "ucfirst": {
      "version": "1.0.0",
      "resolved": "https://registry.npmjs.org/ucfirst/-/ucfirst-1.0.0.tgz",
      "integrity": "sha1-ThBbZEjQXiZOzsQ14LkZNjxfLy8="
    },
    "ul": {
      "version": "5.2.13",
      "resolved": "https://registry.npmjs.org/ul/-/ul-5.2.13.tgz",
      "integrity": "sha1-n/BQTqNcofdMC/WeZIDe8Am617U=",
      "requires": {
        "deffy": "^2.2.2",
        "typpy": "^2.3.4"
      }
    },
    "wrap-text": {
      "version": "1.0.9",
      "resolved": "https://registry.npmjs.org/wrap-text/-/wrap-text-1.0.9.tgz",
      "integrity": "sha512-NWfjspSgMDXQIMpKM56AwCQPI01OMFRYYJBh6dGNCfH7AOl+j/VqqbiopgJ4VuQfSluqLc+2ekqaPNpYAGZ/Vg=="
    },
    "x256": {
      "version": "0.0.2",
      "resolved": "https://registry.npmjs.org/x256/-/x256-0.0.2.tgz",
      "integrity": "sha1-ya8Yh296F1gB1WT+cK2egxd4STQ="
    }
  }
}
